
Microsoft Visual Studio Solution File, Format Version 12.00
# Visual Studio 15
VisualStudioVersion = 15.0.28307.902
MinimumVisualStudioVersion = 10.0.40219.1
Project("{FAE04EC0-301F-11D3-BF4B-00C04F79EFBC}") = "Poker", "Poker\Poker.csproj", "{A0B16CB8-2048-43E2-9B3C-FCD3C69035AA}"
EndProject
Global
	GlobalSection(SolutionConfigurationPlatforms) = preSolution
		Debug|Any CPU = Debug|Any CPU
		Release|Any CPU = Release|Any CPU
	EndGlobalSection
	GlobalSection(ProjectConfigurationPlatforms) = postSolution
		{A0B16CB8-2048-43E2-9B3C-FCD3C69035AA}.Debug|Any CPU.ActiveCfg = Debug|Any CPU
		{A0B16CB8-2048-43E2-9B3C-FCD3C69035AA}.Debug|Any CPU.Build.0 = Debug|Any CPU
		{A0B16CB8-2048-43E2-9B3C-FCD3C69035AA}.Release|Any CPU.ActiveCfg = Release|Any CPU
		{A0B16CB8-2048-43E2-9B3C-FCD3C69035AA}.Release|Any CPU.Build.0 = Release|Any CPU
	EndGlobalSection
	GlobalSection(SolutionProperties) = preSolution
		HideSolutionNode = FALSE
	EndGlobalSection
	GlobalSection(ExtensibilityGlobals) = postSolution
		SolutionGuid = {6FF530D3-E4AE-412B-8475-E3129C6CD5C2}
	EndGlobalSection
EndGlobal
