
Microsoft Visual Studio Solution File, Format Version 12.00
# Visual Studio 15
VisualStudioVersion = 15.0.28307.902
MinimumVisualStudioVersion = 10.0.40219.1
Project("{FAE04EC0-301F-11D3-BF4B-00C04F79EFBC}") = "DataStructuresAndAlgorithm", "DataStructuresAndAlgorithm\DataStructuresAndAlgorithm.csproj", "{0ADB5DB0-D23D-432C-8319-C602FE7F4DEA}"
EndProject
Global
	GlobalSection(SolutionConfigurationPlatforms) = preSolution
		Debug|Any CPU = Debug|Any CPU
		Release|Any CPU = Release|Any CPU
	EndGlobalSection
	GlobalSection(ProjectConfigurationPlatforms) = postSolution
		{0ADB5DB0-D23D-432C-8319-C602FE7F4DEA}.Debug|Any CPU.ActiveCfg = Debug|Any CPU
		{0ADB5DB0-D23D-432C-8319-C602FE7F4DEA}.Debug|Any CPU.Build.0 = Debug|Any CPU
		{0ADB5DB0-D23D-432C-8319-C602FE7F4DEA}.Release|Any CPU.ActiveCfg = Release|Any CPU
		{0ADB5DB0-D23D-432C-8319-C602FE7F4DEA}.Release|Any CPU.Build.0 = Release|Any CPU
	EndGlobalSection
	GlobalSection(SolutionProperties) = preSolution
		HideSolutionNode = FALSE
	EndGlobalSection
	GlobalSection(ExtensibilityGlobals) = postSolution
		SolutionGuid = {824E71C9-6DDA-4358-B8FA-7BC32833A628}
	EndGlobalSection
EndGlobal
