
Microsoft Visual Studio Solution File, Format Version 12.00
# Visual Studio 15
VisualStudioVersion = 15.0.28307.902
MinimumVisualStudioVersion = 10.0.40219.1
Project("{FAE04EC0-301F-11D3-BF4B-00C04F79EFBC}") = "personnel", "personnel\personnel.csproj", "{BFF33276-9223-4CBC-B0E2-D286E11054DC}"
EndProject
Global
	GlobalSection(SolutionConfigurationPlatforms) = preSolution
		Debug|Any CPU = Debug|Any CPU
		Release|Any CPU = Release|Any CPU
	EndGlobalSection
	GlobalSection(ProjectConfigurationPlatforms) = postSolution
		{BFF33276-9223-4CBC-B0E2-D286E11054DC}.Debug|Any CPU.ActiveCfg = Debug|Any CPU
		{BFF33276-9223-4CBC-B0E2-D286E11054DC}.Debug|Any CPU.Build.0 = Debug|Any CPU
		{BFF33276-9223-4CBC-B0E2-D286E11054DC}.Release|Any CPU.ActiveCfg = Release|Any CPU
		{BFF33276-9223-4CBC-B0E2-D286E11054DC}.Release|Any CPU.Build.0 = Release|Any CPU
	EndGlobalSection
	GlobalSection(SolutionProperties) = preSolution
		HideSolutionNode = FALSE
	EndGlobalSection
	GlobalSection(ExtensibilityGlobals) = postSolution
		SolutionGuid = {CE86B994-2070-4839-8456-AFB6767EFCF7}
	EndGlobalSection
EndGlobal
